
Microsoft Visual Studio Solution File, Format Version 12.00
# Visual Studio Version 16
VisualStudioVersion = 16.0.31911.196
MinimumVisualStudioVersion = 10.0.40219.1
Project("{9A19103F-16F7-4668-BE54-9A1E7A4F7556}") = "Vetrina.Server", "Server\Vetrina.Server.csproj", "{0548A6B9-3DEB-4597-8524-66133E49C38D}"
EndProject
Project("{9A19103F-16F7-4668-BE54-9A1E7A4F7556}") = "Vetrina.Client", "Client\Vetrina.Client.csproj", "{09927405-C6A6-4AFF-809C-C7BF73104CEF}"
EndProject
Project("{9A19103F-16F7-4668-BE54-9A1E7A4F7556}") = "Vetrina.Shared", "Shared\Vetrina.Shared.csproj", "{3FBE44F4-62EA-49FB-B516-09B5FB40A73B}"
EndProject
Global
	GlobalSection(SolutionConfigurationPlatforms) = preSolution
		Debug|Any CPU = Debug|Any CPU
		Release|Any CPU = Release|Any CPU
	EndGlobalSection
	GlobalSection(ProjectConfigurationPlatforms) = postSolution
		{0548A6B9-3DEB-4597-8524-66133E49C38D}.Debug|Any CPU.ActiveCfg = Debug|Any CPU
		{0548A6B9-3DEB-4597-8524-66133E49C38D}.Debug|Any CPU.Build.0 = Debug|Any CPU
		{0548A6B9-3DEB-4597-8524-66133E49C38D}.Release|Any CPU.ActiveCfg = Release|Any CPU
		{0548A6B9-3DEB-4597-8524-66133E49C38D}.Release|Any CPU.Build.0 = Release|Any CPU
		{09927405-C6A6-4AFF-809C-C7BF73104CEF}.Debug|Any CPU.ActiveCfg = Debug|Any CPU
		{09927405-C6A6-4AFF-809C-C7BF73104CEF}.Debug|Any CPU.Build.0 = Debug|Any CPU
		{09927405-C6A6-4AFF-809C-C7BF73104CEF}.Release|Any CPU.ActiveCfg = Release|Any CPU
		{09927405-C6A6-4AFF-809C-C7BF73104CEF}.Release|Any CPU.Build.0 = Release|Any CPU
		{3FBE44F4-62EA-49FB-B516-09B5FB40A73B}.Debug|Any CPU.ActiveCfg = Debug|Any CPU
		{3FBE44F4-62EA-49FB-B516-09B5FB40A73B}.Debug|Any CPU.Build.0 = Debug|Any CPU
		{3FBE44F4-62EA-49FB-B516-09B5FB40A73B}.Release|Any CPU.ActiveCfg = Release|Any CPU
		{3FBE44F4-62EA-49FB-B516-09B5FB40A73B}.Release|Any CPU.Build.0 = Release|Any CPU
	EndGlobalSection
	GlobalSection(SolutionProperties) = preSolution
		HideSolutionNode = FALSE
	EndGlobalSection
	GlobalSection(ExtensibilityGlobals) = postSolution
		SolutionGuid = {FDD6DDB4-BDC6-4B2F-9C0D-A34A7346AB8D}
	EndGlobalSection
EndGlobal
